PODS:
  - JAnalytics (1.2.1):
    - JCore (~> 1.2.0)
  - JCore (1.2.5)

DEPENDENCIES:
  - JAnalytics

SPEC REPOS:
  https://github.com/cocoapods/specs.git:
    - JAnalytics
    - JCore

SPEC CHECKSUMS:
  JAnalytics: a65f716b383ad470aacd63a7af1984746cc3e06f
  JCore: 14706de2640b25fb77dbd02332696491407f37c9

PODFILE CHECKSUM: d4050607d38e09eb9c93da97e31ebd5da8e82167

COCOAPODS: 1.5.3
